
Microsoft Visual Studio Solution File, Format Version 12.00
# Visual Studio Version 17
VisualStudioVersion = 17.5.002.0
MinimumVisualStudioVersion = 10.0.40219.1
Project("{9A19103F-16F7-4668-BE54-9A1E7A4F7556}") = "ContosoPizza", "ContosoPizza.csproj", "{7AFE44DF-8B88-4440-BA49-000EDF5B6454}"
EndProject
Global
	GlobalSection(SolutionConfigurationPlatforms) = preSolution
		Debug|Any CPU = Debug|Any CPU
		Release|Any CPU = Release|Any CPU
	EndGlobalSection
	GlobalSection(ProjectConfigurationPlatforms) = postSolution
		{7AFE44DF-8B88-4440-BA49-000EDF5B6454}.Debug|Any CPU.ActiveCfg = Debug|Any CPU
		{7AFE44DF-8B88-4440-BA49-000EDF5B6454}.Debug|Any CPU.Build.0 = Debug|Any CPU
		{7AFE44DF-8B88-4440-BA49-000EDF5B6454}.Release|Any CPU.ActiveCfg = Release|Any CPU
		{7AFE44DF-8B88-4440-BA49-000EDF5B6454}.Release|Any CPU.Build.0 = Release|Any CPU
	EndGlobalSection
	GlobalSection(SolutionProperties) = preSolution
		HideSolutionNode = FALSE
	EndGlobalSection
	GlobalSection(ExtensibilityGlobals) = postSolution
		SolutionGuid = {F97B02E9-9E5A-4D37-92DE-FA9D590413C6}
	EndGlobalSection
EndGlobal
